// !$*UTF8*$!
{
	archiveVersion = 1;
	classes = {
	};
	objectVersion = 46;
	objects = {

/* Begin PBXBuildFile section */
		A29B58F11BBA6C810096B4BF /* main.m in Sources */ = {isa = PBXBuildFile; fileRef = A29B58F01BBA6C810096B4BF /* main.m */; };
		A29B58F81BBA6C940096B4BF /* OpenGL.framework in Frameworks */ = {isa = PBXBuildFile; fileRef = A29B58F71BBA6C940096B4BF /* OpenGL.framework */; };
/* End PBXBuildFile section */

/* Begin PBXCopyFilesBuildPhase section */
		A29B58EB1BBA6C810096B4BF /* CopyFiles */ = {
			isa = PBXCopyFilesBuildPhase;
			buildActionMask = 2147483647;
			dstPath = /usr/share/man/man1/;
			dstSubfolderSpec = 0;
			files = (
			);
			runOnlyForDeploymentPostprocessing = 1;
		};
/* End PBXCopyFilesBuildPhase section */

/* Begin PBXFileReference section */
		A29B58ED1BBA6C810096B4BF /* graphics_theme */ = {isa = PBXFileReference; explicitFileType = "compiled.mach-o.executable"; includeInIndex = 0; path = graphics_theme; sourceTree = BUILT_PRODUCTS_DIR; };
		A29B58F01BBA6C810096B4BF /* main.m */ = {isa = PBXFileReference; lastKnownFileType = sourcecode.c.objc; path = main.m; sourceTree = "<group>"; };
		A29B58F71BBA6C940096B4BF /* OpenGL.framework */ = {isa = PBXFileReference; lastKnownFileType = wrapper.framework; name = OpenGL.framework; path = System/Library/Frameworks/OpenGL.framework; sourceTree = SDKROOT; };
/* End PBXFileReference section */

/* Begin PBXFrameworksBuildPhase section */
		A29B58EA1BBA6C810096B4BF /* Frameworks */ = {
			isa = PBXFrameworksBuildPhase;
			buildActionMask = 2147483647;
			files = (
				A29B58F81BBA6C940096B4BF /* OpenGL.framework in Frameworks */,
			);
			runOnlyForDeploymentPostprocessing = 0;
		};
/* End PBXFrameworksBuildPhase section */

/* Begin PBXGroup section */
		A29B58E41BBA6C800096B4BF = {
			isa = PBXGroup;
			children = (
				A29B58F71BBA6C940096B4BF /* OpenGL.framework */,
				A29B58EF1BBA6C810096B4BF /* graphics_theme */,
				A29B58EE1BBA6C810096B4BF /* Products */,
			);
			sourceTree = "<group>";
		};
		A29B58EE1BBA6C810096B4BF /* Products */ = {
			isa = PBXGroup;
			children = (
				A29B58ED1BBA6C810096B4BF /* graphics_theme */,
			);
			name = Products;
			sourceTree = "<group>";
		};
		A29B58EF1BBA6C810096B4BF /* graphics_theme */ = {
			isa = PBXGroup;
			children = (
				A29B58F01BBA6C810096B4BF /* main.m */,
			);
			path = graphics_theme;
			sourceTree = "<group>";
		};
/* End PBXGroup section */

/* Begin PBXNativeTarget section */
		A29B58EC1BBA6C810096B4BF /* graphics_theme */ = {
			isa = PBXNativeTarget;
			buildConfigurationList = A29B58F41BBA6C810096B4BF /* Build configuration list for PBXNativeTarget "graphics_theme" */;
			buildPhases = (
				A29B58E91BBA6C810096B4BF /* Sources */,
				A29B58EA1BBA6C810096B4BF /* Frameworks */,
				A29B58EB1BBA6C810096B4BF /* CopyFiles */,
			);
			buildRules = (
			);
			dependencies = (
			);
			name = graphics_theme;
			productName = graphics_theme;
			productReference = A29B58ED1BBA6C810096B4BF /* graphics_theme */;
			productType = "com.apple.product-type.tool";
		};
/* End PBXNativeTarget section */

/* Begin PBXProject section */
		A29B58E51BBA6C800096B4BF /* Project object */ = {
			isa = PBXProject;
			attributes = {
				LastUpgradeCheck = 0620;
				ORGANIZATIONNAME = shinyoung;
				TargetAttributes = {
					A29B58EC1BBA6C810096B4BF = {
						CreatedOnToolsVersion = 6.2;
					};
				};
			};
			buildConfigurationList = A29B58E81BBA6C800096B4BF /* Build configuration list for PBXProject "graphics_theme" */;
			compatibilityVersion = "Xcode 3.2";
			developmentRegion = English;
			hasScannedForEncodings = 0;
			knownRegions = (
				en,
			);
			mainGroup = A29B58E41BBA6C800096B4BF;
			productRefGroup = A29B58EE1BBA6C810096B4BF /* Products */;
			projectDirPath = "";
			projectRoot = "";
			targets = (
				A29B58EC1BBA6C810096B4BF /* graphics_theme */,
			);
		};
/* End PBXProject section */

/* Begin PBXSourcesBuildPhase section */
		A29B58E91BBA6C810096B4BF /* Sources */ = {
			isa = PBXSourcesBuildPhase;
			buildActionMask = 2147483647;
			files = (
				A29B58F11BBA6C810096B4BF /* main.m in Sources */,
			);
			runOnlyForDeploymentPostprocessing = 0;
		};
/* End PBXSourcesBuildPhase section */

/* Begin XCBuildConfiguration section */
		A29B58F21BBA6C810096B4BF /* Debug */ = {
			isa = XCBuildConfiguration;
			buildSettings = {
				ALWAYS_SEARCH_USER_PATHS = NO;
				CLANG_CXX_LANGUAGE_STANDARD = "gnu++0x";
				CLANG_CXX_LIBRARY = "libc++";
				CLANG_ENABLE_MODULES = YES;
				CLANG_ENABLE_OBJC_ARC = YES;
				CLANG_WARN_BOOL_CONVERSION = YES;
				CLANG_WARN_CONSTANT_CONVERSION = YES;
				CLANG_WARN_DIRECT_OBJC_ISA_USAGE = YES_ERROR;
				CLANG_WARN_EMPTY_BODY = YES;
				CLANG_WARN_ENUM_CONVERSION = YES;
				CLANG_WARN_INT_CONVERSION = YES;
				CLANG_WARN_OBJC_ROOT_CLASS = YES_ERROR;
				CLANG_WARN_UNREACHABLE_CODE = YES;
				CLANG_WARN__DUPLICATE_METHOD_MATCH = YES;
				COPY_PHASE_STRIP = NO;
				ENABLE_STRICT_OBJC_MSGSEND = YES;
				GCC_C_LANGUAGE_STANDARD = gnu99;
				GCC_DYNAMIC_NO_PIC = NO;
				GCC_OPTIMIZATION_LEVEL = 0;
				GCC_PREPROCESSOR_DEFINITIONS = (
					"DEBUG=1",
					"$(inherited)",
				);
				GCC_SYMBOLS_PRIVATE_EXTERN = NO;
				GCC_WARN_64_TO_32_BIT_CONVERSION = YES;
				GCC_WARN_ABOUT_RETURN_TYPE = YES_ERROR;
				GCC_WARN_UNDECLARED_SELECTOR = YES;
				GCC_WARN_UNINITIALIZED_AUTOS = YES_AGGRESSIVE;
				GCC_WARN_UNUSED_FUNCTION = YES;
				GCC_WARN_UNUSED_VARIABLE = YES;
				MACOSX_DEPLOYMENT_TARGET = 10.9;
				MTL_ENABLE_DEBUG_INFO = YES;
				ONLY_ACTIVE_ARCH = YES;
				SDKROOT = macosx;
			};
			name = Debug;
		};
		A29B58F31BBA6C810096B4BF /* Release */ = {
			isa = XCBuildConfiguration;
			buildSettings = {
				ALWAYS_SEARCH_USER_PATHS = NO;
				CLANG_CXX_LANGUAGE_STANDARD = "gnu++0x";
				CLANG_CXX_LIBRARY = "libc++";
				CLANG_ENABLE_MODULES = YES;
				CLANG_ENABLE_OBJC_ARC = YES;
				CLANG_WARN_BOOL_CONVERSION = YES;
				CLANG_WARN_CONSTANT_CONVERSION = YES;
				CLANG_WARN_DIRECT_OBJC_ISA_USAGE = YES_ERROR;
				CLANG_WARN_EMPTY_BODY = YES;
				CLANG_WARN_ENUM_CONVERSION = YES;
				CLANG_WARN_INT_CONVERSION = YES;
				CLANG_WARN_OBJC_ROOT_CLASS = YES_ERROR;
				CLANG_WARN_UNREACHABLE_CODE = YES;
				CLANG_WARN__DUPLICATE_METHOD_MATCH = YES;
				COPY_PHASE_STRIP = NO;
				DEBUG_INFORMATION_FORMAT = "dwarf-with-dsym";
				ENABLE_NS_ASSERTIONS = NO;
				ENABLE_STRICT_OBJC_MSGSEND = YES;
				GCC_C_LANGUAGE_STANDARD = gnu99;
				GCC_WARN_64_TO_32_BIT_CONVERSION = YES;
				GCC_WARN_ABOUT_RETURN_TYPE = YES_ERROR;
				GCC_WARN_UNDECLARED_SELECTOR = YES;
				GCC_WARN_UNINITIALIZED_AUTOS = YES_AGGRESSIVE;
				GCC_WARN_UNUSED_FUNCTION = YES;
				GCC_WARN_UNUSED_VARIABLE = YES;
				MACOSX_DEPLOYMENT_TARGET = 10.9;
				MTL_ENABLE_DEBUG_INFO = NO;
				SDKROOT = macosx;
			};
			name = Release;
		};
		A29B58F51BBA6C810096B4BF /* Debug */ = {
			isa = XCBuildConfiguration;
			buildSettings = {
				MACOSX_DEPLOYMENT_TARGET = 10.8;
				PRODUCT_NAME = "$(TARGET_NAME)";
			};
			name = Debug;
		};
		A29B58F61BBA6C810096B4BF /* Release */ = {
			isa = XCBuildConfiguration;
			buildSettings = {
				MACOSX_DEPLOYMENT_TARGET = 10.8;
				PRODUCT_NAME = "$(TARGET_NAME)";
			};
			name = Release;
		};
/* End XCBuildConfiguration section */

/* Begin XCConfigurationList section */
		A29B58E81BBA6C800096B4BF /* Build configuration list for PBXProject "graphics_theme" */ = {
			isa = XCConfigurationList;
			buildConfigurations = (
				A29B58F21BBA6C810096B4BF /* Debug */,
				A29B58F31BBA6C810096B4BF /* Release */,
			);
			defaultConfigurationIsVisible = 0;
			defaultConfigurationName = Release;
		};
		A29B58F41BBA6C810096B4BF /* Build configuration list for PBXNativeTarget "graphics_theme" */ = {
			isa = XCConfigurationList;
			buildConfigurations = (
				A29B58F51BBA6C810096B4BF /* Debug */,
				A29B58F61BBA6C810096B4BF /* Release */,
			);
			defaultConfigurationIsVisible = 0;
		};
/* End XCConfigurationList section */
	};
	rootObject = A29B58E51BBA6C800096B4BF /* Project object */;
}
